
Microsoft Visual Studio Solution File, Format Version 12.00
# Visual Studio Version 17
VisualStudioVersion = 17.3.32922.545
MinimumVisualStudioVersion = 10.0.40219.1
Project("{FAE04EC0-301F-11D3-BF4B-00C04F79EFBC}") = "ProjectOrgon", "ProjectOrgon\ProjectOrgon.csproj", "{26437323-8450-4DC5-ABBB-05DFA0DDAFBC}"
EndProject
Project("{FAE04EC0-301F-11D3-BF4B-00C04F79EFBC}") = "OrgonClass", "OrgonClass\OrgonClass.csproj", "{44D0D91E-D191-4652-927E-8E9E7E5C4343}"
EndProject
Global
	GlobalSection(SolutionConfigurationPlatforms) = preSolution
		Debug|Any CPU = Debug|Any CPU
		Release|Any CPU = Release|Any CPU
	EndGlobalSection
	GlobalSection(ProjectConfigurationPlatforms) = postSolution
		{26437323-8450-4DC5-ABBB-05DFA0DDAFBC}.Debug|Any CPU.ActiveCfg = Debug|Any CPU
		{26437323-8450-4DC5-ABBB-05DFA0DDAFBC}.Debug|Any CPU.Build.0 = Debug|Any CPU
		{26437323-8450-4DC5-ABBB-05DFA0DDAFBC}.Release|Any CPU.ActiveCfg = Release|Any CPU
		{26437323-8450-4DC5-ABBB-05DFA0DDAFBC}.Release|Any CPU.Build.0 = Release|Any CPU
		{44D0D91E-D191-4652-927E-8E9E7E5C4343}.Debug|Any CPU.ActiveCfg = Debug|Any CPU
		{44D0D91E-D191-4652-927E-8E9E7E5C4343}.Debug|Any CPU.Build.0 = Debug|Any CPU
		{44D0D91E-D191-4652-927E-8E9E7E5C4343}.Release|Any CPU.ActiveCfg = Release|Any CPU
		{44D0D91E-D191-4652-927E-8E9E7E5C4343}.Release|Any CPU.Build.0 = Release|Any CPU
	EndGlobalSection
	GlobalSection(SolutionProperties) = preSolution
		HideSolutionNode = FALSE
	EndGlobalSection
	GlobalSection(ExtensibilityGlobals) = postSolution
		SolutionGuid = {C727E2D6-8AEE-4844-B7FB-223BC66C8BB3}
	EndGlobalSection
EndGlobal
